github.com/benedictemarty/xarray v0.0.0-20260808193514-c3679131f0c3 h1:TxzZmC4DrLvWbaJdaYh6s3sIOrmScBq4loBzgNHyZ8Q=
github.com/benedictemarty/xarray v0.0.0-20260808193514-c3679131f0c3/go.mod h1:0PvGd5pwOEvapTSW8gopC71fC5C/X85Y4UiCaSfZAq0=
github.com/klauspost/compress v1.19.2 h1:hMRETovs/pu/dVWN7zIT1PGG8t509MwT6bO7XSi26R8=
github.com/klauspost/compress v1.19.2/go.mod h1:cwPg85FWrGar70rWktvGQj8/hthj3wpl0PGDogxkrSQ=
