github.com/benedictemarty/xarray v0.0.0-20260807203749-a478c1a4f7d9 h1:UsDC3jXeX+0DMJaDmgBgkAxoMXtPd9OHnB52PWpnoOA=
github.com/benedictemarty/xarray v0.0.0-20260807203749-a478c1a4f7d9/go.mod h1:IW84JbayKW2R4LmWHmQbXixKR8gFhA6nSs9QVMg9fTE=
github.com/benedictemarty/xarray v0.0.0-20260808160253-e0359fb066dc h1:duheKDT0kMzTY9Rw8lXMOeKiCnFwWG3R4eMZ5ECgLlM=
github.com/benedictemarty/xarray v0.0.0-20260808160253-e0359fb066dc/go.mod h1:0PvGd5pwOEvapTSW8gopC71fC5C/X85Y4UiCaSfZAq0=
github.com/klauspost/compress v1.19.2 h1:hMRETovs/pu/dVWN7zIT1PGG8t509MwT6bO7XSi26R8=
github.com/klauspost/compress v1.19.2/go.mod h1:cwPg85FWrGar70rWktvGQj8/hthj3wpl0PGDogxkrSQ=
